{
  "name": "timeout",
  "lockfileVersion": 2,
  "requires": true,
  "packages": {
    "": {
      "dependencies": {
        "axios": "^0.26.1",
        "inputmask": "^5.0.7",
        "just-validate": "^3.5.1",
        "swiper": "^8.0.7"
      }
    },
    "node_modules/axios": {
      "version": "0.26.1",
      "resolved": "https://registry.npmjs.org/axios/-/axios-0.26.1.tgz",
      "integrity": "sha512-fPwcX4EvnSHuInCMItEhAGnaSEXRBjtzh9fOtsE6E1G6p7vl7edEeZe11QHf18+6+9gR5PbKV/sGKNaD8YaMeA==",
      "dependencies": {
        "follow-redirects": "^1.14.8"
      }
    },
    "node_modules/dom7": {
      "version": "4.0.4",
      "resolved": "https://registry.npmjs.org/dom7/-/dom7-4.0.4.tgz",
      "integrity": "sha512-DSSgBzQ4rJWQp1u6o+3FVwMNnT5bzQbMb+o31TjYYeRi05uAcpF8koxdfzeoe5ElzPmua7W7N28YJhF7iEKqIw==",
      "dependencies": {
        "ssr-window": "^4.0.0"
      }
    },
    "node_modules/follow-redirects": {
      "version": "1.14.9",
      "resolved": "https://registry.npmjs.org/follow-redirects/-/follow-redirects-1.14.9.tgz",
      "integrity": "sha512-MQDfihBQYMcyy5dhRDJUHcw7lb2Pv/TuE6xP1vyraLukNDHKbDxDNaOE3NbCAdKQApno+GPRyo1YAp89yCjK4w==",
      "funding": [
        {
          "type": "individual",
          "url": "https://github.com/sponsors/RubenVerborgh"
        }
      ],
      "engines": {
        "node": ">=4.0"
      },
      "peerDependenciesMeta": {
        "debug": {
          "optional": true
        }
      }
    },
    "node_modules/inputmask": {
      "version": "5.0.7",
      "resolved": "https://registry.npmjs.org/inputmask/-/inputmask-5.0.7.tgz",
      "integrity": "sha512-rUxbRDS25KEib+c/Ow+K01oprU/+EK9t9SOPC8ov94/ftULGDqj1zOgRU/Hko6uzoKRMdwCfuhAafJ/Wk2wffQ=="
    },
    "node_modules/just-validate": {
      "version": "3.5.1",
      "resolved": "https://registry.npmjs.org/just-validate/-/just-validate-3.5.1.tgz",
      "integrity": "sha512-NKuUFjhd/O7fi4Y/n27VUeXv1dDfkIUx5MeDOs+fW7yXmDfH37MvYT43c+GxYx9DXUOymtnoK9dGINfAKKssnQ=="
    },
    "node_modules/ssr-window": {
      "version": "4.0.2",
      "resolved": "https://registry.npmjs.org/ssr-window/-/ssr-window-4.0.2.tgz",
      "integrity": "sha512-ISv/Ch+ig7SOtw7G2+qkwfVASzazUnvlDTwypdLoPoySv+6MqlOV10VwPSE6EWkGjhW50lUmghPmpYZXMu/+AQ=="
    },
    "node_modules/swiper": {
      "version": "8.0.7",
      "resolved": "https://registry.npmjs.org/swiper/-/swiper-8.0.7.tgz",
      "integrity": "sha512-GHjDfxSZdupfU7LrSVOpaNaT7R1D2zxopPGBFz1UOXOtsYvVJLg0k6NvkTAD7qn0ASl5pTti82qoYwvYvIkg4g==",
      "funding": [
        {
          "type": "patreon",
          "url": "https://www.patreon.com/swiperjs"
        },
        {
          "type": "open_collective",
          "url": "http://opencollective.com/swiper"
        }
      ],
      "hasInstallScript": true,
      "dependencies": {
        "dom7": "^4.0.4",
        "ssr-window": "^4.0.2"
      },
      "engines": {
        "node": ">= 4.7.0"
      }
    }
  },
  "dependencies": {
    "axios": {
      "version": "0.26.1",
      "resolved": "https://registry.npmjs.org/axios/-/axios-0.26.1.tgz",
      "integrity": "sha512-fPwcX4EvnSHuInCMItEhAGnaSEXRBjtzh9fOtsE6E1G6p7vl7edEeZe11QHf18+6+9gR5PbKV/sGKNaD8YaMeA==",
      "requires": {
        "follow-redirects": "^1.14.8"
      }
    },
    "dom7": {
      "version": "4.0.4",
      "resolved": "https://registry.npmjs.org/dom7/-/dom7-4.0.4.tgz",
      "integrity": "sha512-DSSgBzQ4rJWQp1u6o+3FVwMNnT5bzQbMb+o31TjYYeRi05uAcpF8koxdfzeoe5ElzPmua7W7N28YJhF7iEKqIw==",
      "requires": {
        "ssr-window": "^4.0.0"
      }
    },
    "follow-redirects": {
      "version": "1.14.9",
      "resolved": "https://registry.npmjs.org/follow-redirects/-/follow-redirects-1.14.9.tgz",
      "integrity": "sha512-MQDfihBQYMcyy5dhRDJUHcw7lb2Pv/TuE6xP1vyraLukNDHKbDxDNaOE3NbCAdKQApno+GPRyo1YAp89yCjK4w=="
    },
    "inputmask": {
      "version": "5.0.7",
      "resolved": "https://registry.npmjs.org/inputmask/-/inputmask-5.0.7.tgz",
      "integrity": "sha512-rUxbRDS25KEib+c/Ow+K01oprU/+EK9t9SOPC8ov94/ftULGDqj1zOgRU/Hko6uzoKRMdwCfuhAafJ/Wk2wffQ=="
    },
    "just-validate": {
      "version": "3.5.1",
      "resolved": "https://registry.npmjs.org/just-validate/-/just-validate-3.5.1.tgz",
      "integrity": "sha512-NKuUFjhd/O7fi4Y/n27VUeXv1dDfkIUx5MeDOs+fW7yXmDfH37MvYT43c+GxYx9DXUOymtnoK9dGINfAKKssnQ=="
    },
    "ssr-window": {
      "version": "4.0.2",
      "resolved": "https://registry.npmjs.org/ssr-window/-/ssr-window-4.0.2.tgz",
      "integrity": "sha512-ISv/Ch+ig7SOtw7G2+qkwfVASzazUnvlDTwypdLoPoySv+6MqlOV10VwPSE6EWkGjhW50lUmghPmpYZXMu/+AQ=="
    },
    "swiper": {
      "version": "8.0.7",
      "resolved": "https://registry.npmjs.org/swiper/-/swiper-8.0.7.tgz",
      "integrity": "sha512-GHjDfxSZdupfU7LrSVOpaNaT7R1D2zxopPGBFz1UOXOtsYvVJLg0k6NvkTAD7qn0ASl5pTti82qoYwvYvIkg4g==",
      "requires": {
        "dom7": "^4.0.4",
        "ssr-window": "^4.0.2"
      }
    }
  }
}
